
Microsoft Visual Studio Solution File, Format Version 12.00
# Visual Studio Version 17
VisualStudioVersion = 17.9.34723.18
MinimumVisualStudioVersion = 10.0.40219.1
Project("{FAE04EC0-301F-11D3-BF4B-00C04F79EFBC}") = "DotNetCore_Single_PageApplication", "DotNetCore_Single_PageApplication\DotNetCore_Single_PageApplication.csproj", "{248151C8-805D-43CF-B412-B639FF27FCBD}"
EndProject
Global
	GlobalSection(SolutionConfigurationPlatforms) = preSolution
		Debug|Any CPU = Debug|Any CPU
		Release|Any CPU = Release|Any CPU
	EndGlobalSection
	GlobalSection(ProjectConfigurationPlatforms) = postSolution
		{248151C8-805D-43CF-B412-B639FF27FCBD}.Debug|Any CPU.ActiveCfg = Debug|Any CPU
		{248151C8-805D-43CF-B412-B639FF27FCBD}.Debug|Any CPU.Build.0 = Debug|Any CPU
		{248151C8-805D-43CF-B412-B639FF27FCBD}.Release|Any CPU.ActiveCfg = Release|Any CPU
		{248151C8-805D-43CF-B412-B639FF27FCBD}.Release|Any CPU.Build.0 = Release|Any CPU
	EndGlobalSection
	GlobalSection(SolutionProperties) = preSolution
		HideSolutionNode = FALSE
	EndGlobalSection
	GlobalSection(ExtensibilityGlobals) = postSolution
		SolutionGuid = {D95DFBF4-8531-472A-9C20-8B98DEE5F1D4}
	EndGlobalSection
EndGlobal
